
Microsoft Visual Studio Solution File, Format Version 12.00
# Visual Studio Version 17
VisualStudioVersion = 17.13.35818.85 d17.13
MinimumVisualStudioVersion = 10.0.40219.1
Project("{FAE04EC0-301F-11D3-BF4B-00C04F79EFBC}") = "Tp6_2311104066", "Tp6_2311104066\Tp6_2311104066.csproj", "{84C600A7-27E0-4125-BCC6-B0F8941035BA}"
EndProject
Global
	GlobalSection(SolutionConfigurationPlatforms) = preSolution
		Debug|Any CPU = Debug|Any CPU
		Release|Any CPU = Release|Any CPU
	EndGlobalSection
	GlobalSection(ProjectConfigurationPlatforms) = postSolution
		{84C600A7-27E0-4125-BCC6-B0F8941035BA}.Debug|Any CPU.ActiveCfg = Debug|Any CPU
		{84C600A7-27E0-4125-BCC6-B0F8941035BA}.Debug|Any CPU.Build.0 = Debug|Any CPU
		{84C600A7-27E0-4125-BCC6-B0F8941035BA}.Release|Any CPU.ActiveCfg = Release|Any CPU
		{84C600A7-27E0-4125-BCC6-B0F8941035BA}.Release|Any CPU.Build.0 = Release|Any CPU
	EndGlobalSection
	GlobalSection(SolutionProperties) = preSolution
		HideSolutionNode = FALSE
	EndGlobalSection
	GlobalSection(ExtensibilityGlobals) = postSolution
		SolutionGuid = {CF43EC79-E830-4EC1-BA85-DF1A7472BB8E}
	EndGlobalSection
EndGlobal
