
Microsoft Visual Studio Solution File, Format Version 12.00
# Visual Studio Version 17
VisualStudioVersion = 17.13.35818.85 d17.13
MinimumVisualStudioVersion = 10.0.40219.1
Project("{FAE04EC0-301F-11D3-BF4B-00C04F79EFBC}") = "TP6", "TP6\TP6.csproj", "{F2B0A2FF-E5C9-4F93-A368-576ECC62C2EF}"
EndProject
Global
	GlobalSection(SolutionConfigurationPlatforms) = preSolution
		Debug|Any CPU = Debug|Any CPU
		Release|Any CPU = Release|Any CPU
	EndGlobalSection
	GlobalSection(ProjectConfigurationPlatforms) = postSolution
		{F2B0A2FF-E5C9-4F93-A368-576ECC62C2EF}.Debug|Any CPU.ActiveCfg = Debug|Any CPU
		{F2B0A2FF-E5C9-4F93-A368-576ECC62C2EF}.Debug|Any CPU.Build.0 = Debug|Any CPU
		{F2B0A2FF-E5C9-4F93-A368-576ECC62C2EF}.Release|Any CPU.ActiveCfg = Release|Any CPU
		{F2B0A2FF-E5C9-4F93-A368-576ECC62C2EF}.Release|Any CPU.Build.0 = Release|Any CPU
	EndGlobalSection
	GlobalSection(SolutionProperties) = preSolution
		HideSolutionNode = FALSE
	EndGlobalSection
	GlobalSection(ExtensibilityGlobals) = postSolution
		SolutionGuid = {9E8236D3-C7C9-423C-BB92-10A36C521208}
	EndGlobalSection
EndGlobal
