
Microsoft Visual Studio Solution File, Format Version 12.00
# Visual Studio Version 17
VisualStudioVersion = 17.13.35818.85 d17.13
MinimumVisualStudioVersion = 10.0.40219.1
Project("{FAE04EC0-301F-11D3-BF4B-00C04F79EFBC}") = "Jurnal9", "Jurnal9\Jurnal9.csproj", "{46EBC3CC-E978-45E6-BDA1-C26CA4F28994}"
EndProject
Global
	GlobalSection(SolutionConfigurationPlatforms) = preSolution
		Debug|Any CPU = Debug|Any CPU
		Release|Any CPU = Release|Any CPU
	EndGlobalSection
	GlobalSection(ProjectConfigurationPlatforms) = postSolution
		{46EBC3CC-E978-45E6-BDA1-C26CA4F28994}.Debug|Any CPU.ActiveCfg = Debug|Any CPU
		{46EBC3CC-E978-45E6-BDA1-C26CA4F28994}.Debug|Any CPU.Build.0 = Debug|Any CPU
		{46EBC3CC-E978-45E6-BDA1-C26CA4F28994}.Release|Any CPU.ActiveCfg = Release|Any CPU
		{46EBC3CC-E978-45E6-BDA1-C26CA4F28994}.Release|Any CPU.Build.0 = Release|Any CPU
	EndGlobalSection
	GlobalSection(SolutionProperties) = preSolution
		HideSolutionNode = FALSE
	EndGlobalSection
	GlobalSection(ExtensibilityGlobals) = postSolution
		SolutionGuid = {39DB78FE-C61C-4F64-815C-B2B0ADD0AB66}
	EndGlobalSection
EndGlobal
